<?xml version="1.0" encoding="utf-8"?>
<Project ToolsVersion="4.0" xmlns="http://schemas.microsoft.com/developer/msbuild/2003">
  <ItemGroup>
    <Filter Include="Engine">
      <UniqueIdentifier>{DBC7D3B0-C769-FE86-B024-12DB9C6585D7}</UniqueIdentifier>
    </Filter>
    <Filter Include="Engine\Core">
      <UniqueIdentifier>{130D9B61-7FC2-1357-08B7-0D2E746B0A5B}</UniqueIdentifier>
    </Filter>
    <Filter Include="Engine\Core\Events">
      <UniqueIdentifier>{97E562D1-83C9-2327-EC29-1E7AD82C0EA9}</UniqueIdentifier>
    </Filter>
    <Filter Include="Engine\Core\Input">
      <UniqueIdentifier>{52FF8CC8-BE15-8B5E-078D-168073E25BE6}</UniqueIdentifier>
    </Filter>
    <Filter Include="Engine\Core\Layers">
      <UniqueIdentifier>{72D045E0-5EB4-0636-C714-0189B317F1B7}</UniqueIdentifier>
    </Filter>
    <Filter Include="Engine\Core\Layers\ImGui">
      <UniqueIdentifier>{1C53D94B-0878-28CC-31C3-0D5C1D4727EA}</UniqueIdentifier>
    </Filter>
    <Filter Include="Engine\Platform">
      <UniqueIdentifier>{8F0ABC95-FB95-295A-04A7-AC4E70B1855A}</UniqueIdentifier>
    </Filter>
    <Filter Include="Engine\Platform\OpenGL">
      <UniqueIdentifier>{E35CAFB7-CF56-D809-B8C3-6E1AA45C3E76}</UniqueIdentifier>
    </Filter>
    <Filter Include="Engine\Platform\Windows">
      <UniqueIdentifier>{C9D3B605-350B-FF9C-3E15-63C0AACB2596}</UniqueIdentifier>
    </Filter>
    <Filter Include="Engine\Renderer">
      <UniqueIdentifier>{E1119970-4D9D-0635-56AE-8929C2B86235}</UniqueIdentifier>
    </Filter>
    <Filter Include="Engine\Vendor">
      <UniqueIdentifier>{B8852D60-2446-A996-ED80-F2135900EE72}</UniqueIdentifier>
    </Filter>
  </ItemGroup>
  <ItemGroup>
    <ClInclude Include="Src\Engine.h" />
    <ClInclude Include="Src\Engine\Core\Application.h">
      <Filter>Engine\Core</Filter>
    </ClInclude>
    <ClInclude Include="Src\Engine\Core\Core.h">
      <Filter>Engine\Core</Filter>
    </ClInclude>
    <ClInclude Include="Src\Engine\Core\Events\ApplicationEvent.h">
      <Filter>Engine\Core\Events</Filter>
    </ClInclude>
    <ClInclude Include="Src\Engine\Core\Events\Event.h">
      <Filter>Engine\Core\Events</Filter>
    </ClInclude>
    <ClInclude Include="Src\Engine\Core\Events\KeyEvent.h">
      <Filter>Engine\Core\Events</Filter>
    </ClInclude>
    <ClInclude Include="Src\Engine\Core\Events\MouseEvent.h">
      <Filter>Engine\Core\Events</Filter>
    </ClInclude>
    <ClInclude Include="Src\Engine\Core\Input\Input.h">
      <Filter>Engine\Core\Input</Filter>
    </ClInclude>
    <ClInclude Include="Src\Engine\Core\Input\KeyCodes.h">
      <Filter>Engine\Core\Input</Filter>
    </ClInclude>
    <ClInclude Include="Src\Engine\Core\Layers\ImGui\ImGuiLayer.h">
      <Filter>Engine\Core\Layers\ImGui</Filter>
    </ClInclude>
    <ClInclude Include="Src\Engine\Core\Layers\Layer.h">
      <Filter>Engine\Core\Layers</Filter>
    </ClInclude>
    <ClInclude Include="Src\Engine\Core\Layers\LayerStack.h">
      <Filter>Engine\Core\Layers</Filter>
    </ClInclude>
    <ClInclude Include="Src\Engine\Core\Log.h">
      <Filter>Engine\Core</Filter>
    </ClInclude>
    <ClInclude Include="Src\Engine\Core\Platform.h">
      <Filter>Engine\Core</Filter>
    </ClInclude>
    <ClInclude Include="Src\Engine\Core\Window.h">
      <Filter>Engine\Core</Filter>
    </ClInclude>
    <ClInclude Include="Src\Engine\EntryPoint.h">
      <Filter>Engine</Filter>
    </ClInclude>
    <ClInclude Include="Src\Engine\Platform\OpenGL\OpenGL.h">
      <Filter>Engine\Platform\OpenGL</Filter>
    </ClInclude>
    <ClInclude Include="Src\Engine\Platform\OpenGL\OpenGLBuffer.h">
      <Filter>Engine\Platform\OpenGL</Filter>
    </ClInclude>
    <ClInclude Include="Src\Engine\Platform\OpenGL\OpenGLFrameBuffer.h">
      <Filter>Engine\Platform\OpenGL</Filter>
    </ClInclude>
    <ClInclude Include="Src\Engine\Platform\OpenGL\OpenGLShader.h">
      <Filter>Engine\Platform\OpenGL</Filter>
    </ClInclude>
    <ClInclude Include="Src\Engine\Platform\OpenGL\OpenGLTexture.h">
      <Filter>Engine\Platform\OpenGL</Filter>
    </ClInclude>
    <ClInclude Include="Src\Engine\Platform\Windows\WindowInput.h">
      <Filter>Engine\Platform\Windows</Filter>
    </ClInclude>
    <ClInclude Include="Src\Engine\Platform\Windows\WindowsWindow.h">
      <Filter>Engine\Platform\Windows</Filter>
    </ClInclude>
    <ClInclude Include="Src\Engine\Renderer\Buffer.h">
      <Filter>Engine\Renderer</Filter>
    </ClInclude>
    <ClInclude Include="Src\Engine\Renderer\Camera.h">
      <Filter>Engine\Renderer</Filter>
    </ClInclude>
    <ClInclude Include="Src\Engine\Renderer\FrameBuffer.h">
      <Filter>Engine\Renderer</Filter>
    </ClInclude>
    <ClInclude Include="Src\Engine\Renderer\Mesh.h">
      <Filter>Engine\Renderer</Filter>
    </ClInclude>
    <ClInclude Include="Src\Engine\Renderer\RenderCommandQueue.h">
      <Filter>Engine\Renderer</Filter>
    </ClInclude>
    <ClInclude Include="Src\Engine\Renderer\Renderer.h">
      <Filter>Engine\Renderer</Filter>
    </ClInclude>
    <ClInclude Include="Src\Engine\Renderer\RendererAPI.h">
      <Filter>Engine\Renderer</Filter>
    </ClInclude>
    <ClInclude Include="Src\Engine\Renderer\Shader.h">
      <Filter>Engine\Renderer</Filter>
    </ClInclude>
    <ClInclude Include="Src\Engine\Renderer\Texture.h">
      <Filter>Engine\Renderer</Filter>
    </ClInclude>
    <ClInclude Include="Src\eepch.h" />
  </ItemGroup>
  <ItemGroup>
    <ClCompile Include="Src\Engine\Core\Application.cpp">
      <Filter>Engine\Core</Filter>
    </ClCompile>
    <ClCompile Include="Src\Engine\Core\Core.cpp">
      <Filter>Engine\Core</Filter>
    </ClCompile>
    <ClCompile Include="Src\Engine\Core\Layers\ImGui\ImGuiBuild.cpp">
      <Filter>Engine\Core\Layers\ImGui</Filter>
    </ClCompile>
    <ClCompile Include="Src\Engine\Core\Layers\ImGui\ImGuiLayer.cpp">
      <Filter>Engine\Core\Layers\ImGui</Filter>
    </ClCompile>
    <ClCompile Include="Src\Engine\Core\Layers\Layer.cpp">
      <Filter>Engine\Core\Layers</Filter>
    </ClCompile>
    <ClCompile Include="Src\Engine\Core\Layers\LayerStack.cpp">
      <Filter>Engine\Core\Layers</Filter>
    </ClCompile>
    <ClCompile Include="Src\Engine\Core\Log.cpp">
      <Filter>Engine\Core</Filter>
    </ClCompile>
    <ClCompile Include="Src\Engine\Core\Window.cpp">
      <Filter>Engine\Core</Filter>
    </ClCompile>
    <ClCompile Include="Src\Engine\Platform\OpenGL\OpenGLBuffer.cpp">
      <Filter>Engine\Platform\OpenGL</Filter>
    </ClCompile>
    <ClCompile Include="Src\Engine\Platform\OpenGL\OpenGLFrameBuffer.cpp">
      <Filter>Engine\Platform\OpenGL</Filter>
    </ClCompile>
    <ClCompile Include="Src\Engine\Platform\OpenGL\OpenGLRendererAPI.cpp">
      <Filter>Engine\Platform\OpenGL</Filter>
    </ClCompile>
    <ClCompile Include="Src\Engine\Platform\OpenGL\OpenGLShader.cpp">
      <Filter>Engine\Platform\OpenGL</Filter>
    </ClCompile>
    <ClCompile Include="Src\Engine\Platform\OpenGL\OpenGLTexture.cpp">
      <Filter>Engine\Platform\OpenGL</Filter>
    </ClCompile>
    <ClCompile Include="Src\Engine\Platform\Windows\WindowInput.cpp">
      <Filter>Engine\Platform\Windows</Filter>
    </ClCompile>
    <ClCompile Include="Src\Engine\Platform\Windows\WindowsWindow.cpp">
      <Filter>Engine\Platform\Windows</Filter>
    </ClCompile>
    <ClCompile Include="Src\Engine\Renderer\Buffer.cpp">
      <Filter>Engine\Renderer</Filter>
    </ClCompile>
    <ClCompile Include="Src\Engine\Renderer\Camera.cpp">
      <Filter>Engine\Renderer</Filter>
    </ClCompile>
    <ClCompile Include="Src\Engine\Renderer\FrameBuffer.cpp">
      <Filter>Engine\Renderer</Filter>
    </ClCompile>
    <ClCompile Include="Src\Engine\Renderer\Mesh.cpp">
      <Filter>Engine\Renderer</Filter>
    </ClCompile>
    <ClCompile Include="Src\Engine\Renderer\RenderCommandQueue.cpp">
      <Filter>Engine\Renderer</Filter>
    </ClCompile>
    <ClCompile Include="Src\Engine\Renderer\Renderer.cpp">
      <Filter>Engine\Renderer</Filter>
    </ClCompile>
    <ClCompile Include="Src\Engine\Renderer\Shader.cpp">
      <Filter>Engine\Renderer</Filter>
    </ClCompile>
    <ClCompile Include="Src\Engine\Renderer\Texture.cpp">
      <Filter>Engine\Renderer</Filter>
    </ClCompile>
    <ClCompile Include="Src\Engine\Vendor\stb_image.cpp">
      <Filter>Engine\Vendor</Filter>
    </ClCompile>
    <ClCompile Include="Src\eepch.cpp" />
  </ItemGroup>
</Project>